
Microsoft Visual Studio Solution File, Format Version 12.00
# Visual Studio Version 17
VisualStudioVersion = 17.4.33205.214
MinimumVisualStudioVersion = 10.0.40219.1
Project("{9A19103F-16F7-4668-BE54-9A1E7A4F7556}") = "Backend", "Macrix-Backend\Backend.csproj", "{E9C1608A-AEC2-4F7F-8D6D-49CFC484CF16}"
EndProject
Project("{FAE04EC0-301F-11D3-BF4B-00C04F79EFBC}") = "TestBackendRepository", "TestBackendRepository\TestBackendRepository.csproj", "{55965D43-B405-49F9-B780-EA4C61DB05ED}"
EndProject
Project("{FAE04EC0-301F-11D3-BF4B-00C04F79EFBC}") = "FrontEnd", "FrontEnd\FrontEnd.csproj", "{D6FF2C3B-EE8B-4EB1-BF4E-07EA9F071369}"
EndProject
Global
	GlobalSection(SolutionConfigurationPlatforms) = preSolution
		Debug|Any CPU = Debug|Any CPU
		Release|Any CPU = Release|Any CPU
	EndGlobalSection
	GlobalSection(ProjectConfigurationPlatforms) = postSolution
		{E9C1608A-AEC2-4F7F-8D6D-49CFC484CF16}.Debug|Any CPU.ActiveCfg = Debug|Any CPU
		{E9C1608A-AEC2-4F7F-8D6D-49CFC484CF16}.Debug|Any CPU.Build.0 = Debug|Any CPU
		{E9C1608A-AEC2-4F7F-8D6D-49CFC484CF16}.Release|Any CPU.ActiveCfg = Release|Any CPU
		{E9C1608A-AEC2-4F7F-8D6D-49CFC484CF16}.Release|Any CPU.Build.0 = Release|Any CPU
		{55965D43-B405-49F9-B780-EA4C61DB05ED}.Debug|Any CPU.ActiveCfg = Debug|Any CPU
		{55965D43-B405-49F9-B780-EA4C61DB05ED}.Debug|Any CPU.Build.0 = Debug|Any CPU
		{55965D43-B405-49F9-B780-EA4C61DB05ED}.Release|Any CPU.ActiveCfg = Release|Any CPU
		{55965D43-B405-49F9-B780-EA4C61DB05ED}.Release|Any CPU.Build.0 = Release|Any CPU
		{D6FF2C3B-EE8B-4EB1-BF4E-07EA9F071369}.Debug|Any CPU.ActiveCfg = Debug|Any CPU
		{D6FF2C3B-EE8B-4EB1-BF4E-07EA9F071369}.Debug|Any CPU.Build.0 = Debug|Any CPU
		{D6FF2C3B-EE8B-4EB1-BF4E-07EA9F071369}.Release|Any CPU.ActiveCfg = Release|Any CPU
		{D6FF2C3B-EE8B-4EB1-BF4E-07EA9F071369}.Release|Any CPU.Build.0 = Release|Any CPU
	EndGlobalSection
	GlobalSection(SolutionProperties) = preSolution
		HideSolutionNode = FALSE
	EndGlobalSection
	GlobalSection(ExtensibilityGlobals) = postSolution
		SolutionGuid = {C83F9B2C-2036-410E-8EBB-5B87DF1086D7}
	EndGlobalSection
EndGlobal
